
Microsoft Visual Studio Solution File, Format Version 12.00
# Visual Studio Version 17
VisualStudioVersion = 17.4.33213.308
MinimumVisualStudioVersion = 10.0.40219.1
Project("{FAE04EC0-301F-11D3-BF4B-00C04F79EFBC}") = "client", "client\client.csproj", "{8426D0F1-693D-4977-B1F8-279F494207B4}"
EndProject
Global
	GlobalSection(SolutionConfigurationPlatforms) = preSolution
		Debug|Any CPU = Debug|Any CPU
		Release|Any CPU = Release|Any CPU
	EndGlobalSection
	GlobalSection(ProjectConfigurationPlatforms) = postSolution
		{8426D0F1-693D-4977-B1F8-279F494207B4}.Debug|Any CPU.ActiveCfg = Debug|Any CPU
		{8426D0F1-693D-4977-B1F8-279F494207B4}.Debug|Any CPU.Build.0 = Debug|Any CPU
		{8426D0F1-693D-4977-B1F8-279F494207B4}.Release|Any CPU.ActiveCfg = Release|Any CPU
		{8426D0F1-693D-4977-B1F8-279F494207B4}.Release|Any CPU.Build.0 = Release|Any CPU
	EndGlobalSection
	GlobalSection(SolutionProperties) = preSolution
		HideSolutionNode = FALSE
	EndGlobalSection
	GlobalSection(ExtensibilityGlobals) = postSolution
		SolutionGuid = {87EE31CF-CA0F-4606-9B88-5448307D3C70}
	EndGlobalSection
EndGlobal
